// !$*UTF8*$!
{
	archiveVersion = 1;
	classes = {
	};
	objectVersion = 55;
	objects = {

/* Begin PBXBuildFile section */
		A81B16A42795F8F80051D127 /* AppDelegate.swift in Sources */ = {isa = PBXBuildFile; fileRef = A81B16A32795F8F80051D127 /* AppDelegate.swift */; };
		A81B16A62795F8F80051D127 /* SceneDelegate.swift in Sources */ = {isa = PBXBuildFile; fileRef = A81B16A52795F8F80051D127 /* SceneDelegate.swift */; };
		A81B16A82795F8F80051D127 /* ViewController.swift in Sources */ = {isa = PBXBuildFile; fileRef = A81B16A72795F8F80051D127 /* ViewController.swift */; };
		A81B16AB2795F8F80051D127 /* Main.storyboard in Resources */ = {isa = PBXBuildFile; fileRef = A81B16A92795F8F80051D127 /* Main.storyboard */; };
		A81B16AD2795F8FE0051D127 /* Assets.xcassets in Resources */ = {isa = PBXBuildFile; fileRef = A81B16AC2795F8FE0051D127 /* Assets.xcassets */; };
		A81B16B02795F8FE0051D127 /* LaunchScreen.storyboard in Resources */ = {isa = PBXBuildFile; fileRef = A81B16AE2795F8FE0051D127 /* LaunchScreen.storyboard */; };
		A81B16BB2795F8FE0051D127 /* Hackwich1Tests.swift in Sources */ = {isa = PBXBuildFile; fileRef = A81B16BA2795F8FE0051D127 /* Hackwich1Tests.swift */; };
		A81B16C52795F8FF0051D127 /* Hackwich1UITests.swift in Sources */ = {isa = PBXBuildFile; fileRef = A81B16C42795F8FF0051D127 /* Hackwich1UITests.swift */; };
		A81B16C72795F8FF0051D127 /* Hackwich1UITestsLaunchTests.swift in Sources */ = {isa = PBXBuildFile; fileRef = A81B16C62795F8FF0051D127 /* Hackwich1UITestsLaunchTests.swift */; };
/* End PBXBuildFile section */

/* Begin PBXContainerItemProxy section */
		A81B16B72795F8FE0051D127 /* PBXContainerItemProxy */ = {
			isa = PBXContainerItemProxy;
			containerPortal = A81B16982795F8F80051D127 /* Project object */;
			proxyType = 1;
			remoteGlobalIDString = A81B169F2795F8F80051D127;
			remoteInfo = Hackwich1;
		};
		A81B16C12795F8FF0051D127 /* PBXContainerItemProxy */ = {
			isa = PBXContainerItemProxy;
			containerPortal = A81B16982795F8F80051D127 /* Project object */;
			proxyType = 1;
			remoteGlobalIDString = A81B169F2795F8F80051D127;
			remoteInfo = Hackwich1;
		};
/* End PBXContainerItemProxy section */

/* Begin PBXFileReference section */
		A81B16A02795F8F80051D127 /* Hackwich1.app */ = {isa = PBXFileReference; explicitFileType = wrapper.application; includeInIndex = 0; path = Hackwich1.app; sourceTree = BUILT_PRODUCTS_DIR; };
		A81B16A32795F8F80051D127 /* AppDelegate.swift */ = {isa = PBXFileReference; lastKnownFileType = sourcecode.swift; path = AppDelegate.swift; sourceTree = "<group>"; };
		A81B16A52795F8F80051D127 /* SceneDelegate.swift */ = {isa = PBXFileReference; lastKnownFileType = sourcecode.swift; path = SceneDelegate.swift; sourceTree = "<group>"; };
		A81B16A72795F8F80051D127 /* ViewController.swift */ = {isa = PBXFileReference; lastKnownFileType = sourcecode.swift; path = ViewController.swift; sourceTree = "<group>"; };
		A81B16AA2795F8F80051D127 /* Base */ = {isa = PBXFileReference; lastKnownFileType = file.storyboard; name = Base; path = Base.lproj/Main.storyboard; sourceTree = "<group>"; };
		A81B16AC2795F8FE0051D127 /* Assets.xcassets */ = {isa = PBXFileReference; lastKnownFileType = folder.assetcatalog; path = Assets.xcassets; sourceTree = "<group>"; };
		A81B16AF2795F8FE0051D127 /* Base */ = {isa = PBXFileReference; lastKnownFileType = file.storyboard; name = Base; path = Base.lproj/LaunchScreen.storyboard; sourceTree = "<group>"; };
		A81B16B12795F8FE0051D127 /* Info.plist */ = {isa = PBXFileReference; lastKnownFileType = text.plist.xml; path = Info.plist; sourceTree = "<group>"; };
		A81B16B62795F8FE0051D127 /* Hackwich1Tests.xctest */ = {isa = PBXFileReference; explicitFileType = wrapper.cfbundle; includeInIndex = 0; path = Hackwich1Tests.xctest; sourceTree = BUILT_PRODUCTS_DIR; };
		A81B16BA2795F8FE0051D127 /* Hackwich1Tests.swift */ = {isa = PBXFileReference; lastKnownFileType = sourcecode.swift; path = Hackwich1Tests.swift; sourceTree = "<group>"; };
		A81B16C02795F8FF0051D127 /* Hackwich1UITests.xctest */ = {isa = PBXFileReference; explicitFileType = wrapper.cfbundle; includeInIndex = 0; path = Hackwich1UITests.xctest; sourceTree = BUILT_PRODUCTS_DIR; };
		A81B16C42795F8FF0051D127 /* Hackwich1UITests.swift */ = {isa = PBXFileReference; lastKnownFileType = sourcecode.swift; path = Hackwich1UITests.swift; sourceTree = "<group>"; };
		A81B16C62795F8FF0051D127 /* Hackwich1UITestsLaunchTests.swift */ = {isa = PBXFileReference; lastKnownFileType = sourcecode.swift; path = Hackwich1UITestsLaunchTests.swift; sourceTree = "<group>"; };
/* End PBXFileReference section */

/* Begin PBXFrameworksBuildPhase section */
		A81B169D2795F8F80051D127 /* Frameworks */ = {
			isa = PBXFrameworksBuildPhase;
			buildActionMask = 2147483647;
			files = (
			);
			runOnlyForDeploymentPostprocessing = 0;
		};
		A81B16B32795F8FE0051D127 /* Frameworks */ = {
			isa = PBXFrameworksBuildPhase;
			buildActionMask = 2147483647;
			files = (
			);
			runOnlyForDeploymentPostprocessing = 0;
		};
		A81B16BD2795F8FF0051D127 /* Frameworks */ = {
			isa = PBXFrameworksBuildPhase;
			buildActionMask = 2147483647;
			files = (
			);
			runOnlyForDeploymentPostprocessing = 0;
		};
/* End PBXFrameworksBuildPhase section */

/* Begin PBXGroup section */
		A81B16972795F8F80051D127 = {
			isa = PBXGroup;
			children = (
				A81B16A22795F8F80051D127 /* Hackwich1 */,
				A81B16B92795F8FE0051D127 /* Hackwich1Tests */,
				A81B16C32795F8FF0051D127 /* Hackwich1UITests */,
				A81B16A12795F8F80051D127 /* Products */,
			);
			sourceTree = "<group>";
		};
		A81B16A12795F8F80051D127 /* Products */ = {
			isa = PBXGroup;
			children = (
				A81B16A02795F8F80051D127 /* Hackwich1.app */,
				A81B16B62795F8FE0051D127 /* Hackwich1Tests.xctest */,
				A81B16C02795F8FF0051D127 /* Hackwich1UITests.xctest */,
			);
			name = Products;
			sourceTree = "<group>";
		};
		A81B16A22795F8F80051D127 /* Hackwich1 */ = {
			isa = PBXGroup;
			children = (
				A81B16A32795F8F80051D127 /* AppDelegate.swift */,
				A81B16A52795F8F80051D127 /* SceneDelegate.swift */,
				A81B16A72795F8F80051D127 /* ViewController.swift */,
				A81B16A92795F8F80051D127 /* Main.storyboard */,
				A81B16AC2795F8FE0051D127 /* Assets.xcassets */,
				A81B16AE2795F8FE0051D127 /* LaunchScreen.storyboard */,
				A81B16B12795F8FE0051D127 /* Info.plist */,
			);
			path = Hackwich1;
			sourceTree = "<group>";
		};
		A81B16B92795F8FE0051D127 /* Hackwich1Tests */ = {
			isa = PBXGroup;
			children = (
				A81B16BA2795F8FE0051D127 /* Hackwich1Tests.swift */,
			);
			path = Hackwich1Tests;
			sourceTree = "<group>";
		};
		A81B16C32795F8FF0051D127 /* Hackwich1UITests */ = {
			isa = PBXGroup;
			children = (
				A81B16C42795F8FF0051D127 /* Hackwich1UITests.swift */,
				A81B16C62795F8FF0051D127 /* Hackwich1UITestsLaunchTests.swift */,
			);
			path = Hackwich1UITests;
			sourceTree = "<group>";
		};
/* End PBXGroup section */

/* Begin PBXNativeTarget section */
		A81B169F2795F8F80051D127 /* Hackwich1 */ = {
			isa = PBXNativeTarget;
			buildConfigurationList = A81B16CA2795F8FF0051D127 /* Build configuration list for PBXNativeTarget "Hackwich1" */;
			buildPhases = (
				A81B169C2795F8F80051D127 /* Sources */,
				A81B169D2795F8F80051D127 /* Frameworks */,
				A81B169E2795F8F80051D127 /* Resources */,
			);
			buildRules = (
			);
			dependencies = (
			);
			name = Hackwich1;
			productName = Hackwich1;
			productReference = A81B16A02795F8F80051D127 /* Hackwich1.app */;
			productType = "com.apple.product-type.application";
		};
		A81B16B52795F8FE0051D127 /* Hackwich1Tests */ = {
			isa = PBXNativeTarget;
			buildConfigurationList = A81B16CD2795F8FF0051D127 /* Build configuration list for PBXNativeTarget "Hackwich1Tests" */;
			buildPhases = (
				A81B16B22795F8FE0051D127 /* Sources */,
				A81B16B32795F8FE0051D127 /* Frameworks */,
				A81B16B42795F8FE0051D127 /* Resources */,
			);
			buildRules = (
			);
			dependencies = (
				A81B16B82795F8FE0051D127 /* PBXTargetDependency */,
			);
			name = Hackwich1Tests;
			productName = Hackwich1Tests;
			productReference = A81B16B62795F8FE0051D127 /* Hackwich1Tests.xctest */;
			productType = "com.apple.product-type.bundle.unit-test";
		};
		A81B16BF2795F8FF0051D127 /* Hackwich1UITests */ = {
			isa = PBXNativeTarget;
			buildConfigurationList = A81B16D02795F8FF0051D127 /* Build configuration list for PBXNativeTarget "Hackwich1UITests" */;
			buildPhases = (
				A81B16BC2795F8FF0051D127 /* Sources */,
				A81B16BD2795F8FF0051D127 /* Frameworks */,
				A81B16BE2795F8FF0051D127 /* Resources */,
			);
			buildRules = (
			);
			dependencies = (
				A81B16C22795F8FF0051D127 /* PBXTargetDependency */,
			);
			name = Hackwich1UITests;
			productName = Hackwich1UITests;
			productReference = A81B16C02795F8FF0051D127 /* Hackwich1UITests.xctest */;
			productType = "com.apple.product-type.bundle.ui-testing";
		};
/* End PBXNativeTarget section */

/* Begin PBXProject section */
		A81B16982795F8F80051D127 /* Project object */ = {
			isa = PBXProject;
			attributes = {
				BuildIndependentTargetsInParallel = 1;
				LastSwiftUpdateCheck = 1320;
				LastUpgradeCheck = 1320;
				TargetAttributes = {
					A81B169F2795F8F80051D127 = {
						CreatedOnToolsVersion = 13.2.1;
					};
					A81B16B52795F8FE0051D127 = {
						CreatedOnToolsVersion = 13.2.1;
						TestTargetID = A81B169F2795F8F80051D127;
					};
					A81B16BF2795F8FF0051D127 = {
						CreatedOnToolsVersion = 13.2.1;
						TestTargetID = A81B169F2795F8F80051D127;
					};
				};
			};
			buildConfigurationList = A81B169B2795F8F80051D127 /* Build configuration list for PBXProject "Hackwich1" */;
			compatibilityVersion = "Xcode 13.0";
			developmentRegion = en;
			hasScannedForEncodings = 0;
			knownRegions = (
				en,
				Base,
			);
			mainGroup = A81B16972795F8F80051D127;
			productRefGroup = A81B16A12795F8F80051D127 /* Products */;
			projectDirPath = "";
			projectRoot = "";
			targets = (
				A81B169F2795F8F80051D127 /* Hackwich1 */,
				A81B16B52795F8FE0051D127 /* Hackwich1Tests */,
				A81B16BF2795F8FF0051D127 /* Hackwich1UITests */,
			);
		};
/* End PBXProject section */

/* Begin PBXResourcesBuildPhase section */
		A81B169E2795F8F80051D127 /* Resources */ = {
			isa = PBXResourcesBuildPhase;
			buildActionMask = 2147483647;
			files = (
				A81B16B02795F8FE0051D127 /* LaunchScreen.storyboard in Resources */,
				A81B16AD2795F8FE0051D127 /* Assets.xcassets in Resources */,
				A81B16AB2795F8F80051D127 /* Main.storyboard in Resources */,
			);
			runOnlyForDeploymentPostprocessing = 0;
		};
		A81B16B42795F8FE0051D127 /* Resources */ = {
			isa = PBXResourcesBuildPhase;
			buildActionMask = 2147483647;
			files = (
			);
			runOnlyForDeploymentPostprocessing = 0;
		};
		A81B16BE2795F8FF0051D127 /* Resources */ = {
			isa = PBXResourcesBuildPhase;
			buildActionMask = 2147483647;
			files = (
			);
			runOnlyForDeploymentPostprocessing = 0;
		};
/* End PBXResourcesBuildPhase section */

/* Begin PBXSourcesBuildPhase section */
		A81B169C2795F8F80051D127 /* Sources */ = {
			isa = PBXSourcesBuildPhase;
			buildActionMask = 2147483647;
			files = (
				A81B16A82795F8F80051D127 /* ViewController.swift in Sources */,
				A81B16A42795F8F80051D127 /* AppDelegate.swift in Sources */,
				A81B16A62795F8F80051D127 /* SceneDelegate.swift in Sources */,
			);
			runOnlyForDeploymentPostprocessing = 0;
		};
		A81B16B22795F8FE0051D127 /* Sources */ = {
			isa = PBXSourcesBuildPhase;
			buildActionMask = 2147483647;
			files = (
				A81B16BB2795F8FE0051D127 /* Hackwich1Tests.swift in Sources */,
			);
			runOnlyForDeploymentPostprocessing = 0;
		};
		A81B16BC2795F8FF0051D127 /* Sources */ = {
			isa = PBXSourcesBuildPhase;
			buildActionMask = 2147483647;
			files = (
				A81B16C72795F8FF0051D127 /* Hackwich1UITestsLaunchTests.swift in Sources */,
				A81B16C52795F8FF0051D127 /* Hackwich1UITests.swift in Sources */,
			);
			runOnlyForDeploymentPostprocessing = 0;
		};
/* End PBXSourcesBuildPhase section */

/* Begin PBXTargetDependency section */
		A81B16B82795F8FE0051D127 /* PBXTargetDependency */ = {
			isa = PBXTargetDependency;
			target = A81B169F2795F8F80051D127 /* Hackwich1 */;
			targetProxy = A81B16B72795F8FE0051D127 /* PBXContainerItemProxy */;
		};
		A81B16C22795F8FF0051D127 /* PBXTargetDependency */ = {
			isa = PBXTargetDependency;
			target = A81B169F2795F8F80051D127 /* Hackwich1 */;
			targetProxy = A81B16C12795F8FF0051D127 /* PBXContainerItemProxy */;
		};
/* End PBXTargetDependency section */

/* Begin PBXVariantGroup section */
		A81B16A92795F8F80051D127 /* Main.storyboard */ = {
			isa = PBXVariantGroup;
			children = (
				A81B16AA2795F8F80051D127 /* Base */,
			);
			name = Main.storyboard;
			sourceTree = "<group>";
		};
		A81B16AE2795F8FE0051D127 /* LaunchScreen.storyboard */ = {
			isa = PBXVariantGroup;
			children = (
				A81B16AF2795F8FE0051D127 /* Base */,
			);
			name = LaunchScreen.storyboard;
			sourceTree = "<group>";
		};
/* End PBXVariantGroup section */

/* Begin XCBuildConfiguration section */
		A81B16C82795F8FF0051D127 /* Debug */ = {
			isa = XCBuildConfiguration;
			buildSettings = {
				ALWAYS_SEARCH_USER_PATHS = NO;
				CLANG_ANALYZER_NONNULL = YES;
				CLANG_ANALYZER_NUMBER_OBJECT_CONVERSION = YES_AGGRESSIVE;
				CLANG_CXX_LANGUAGE_STANDARD = "gnu++17";
				CLANG_CXX_LIBRARY = "libc++";
				CLANG_ENABLE_MODULES = YES;
				CLANG_ENABLE_OBJC_ARC = YES;
				CLANG_ENABLE_OBJC_WEAK = YES;
				CLANG_WARN_BLOCK_CAPTURE_AUTORELEASING = YES;
				CLANG_WARN_BOOL_CONVERSION = YES;
				CLANG_WARN_COMMA = YES;
				CLANG_WARN_CONSTANT_CONVERSION = YES;
				CLANG_WARN_DEPRECATED_OBJC_IMPLEMENTATIONS = YES;
				CLANG_WARN_DIRECT_OBJC_ISA_USAGE = YES_ERROR;
				CLANG_WARN_DOCUMENTATION_COMMENTS = YES;
				CLANG_WARN_EMPTY_BODY = YES;
				CLANG_WARN_ENUM_CONVERSION = YES;
				CLANG_WARN_INFINITE_RECURSION = YES;
				CLANG_WARN_INT_CONVERSION = YES;
				CLANG_WARN_NON_LITERAL_NULL_CONVERSION = YES;
				CLANG_WARN_OBJC_IMPLICIT_RETAIN_SELF = YES;
				CLANG_WARN_OBJC_LITERAL_CONVERSION = YES;
				CLANG_WARN_OBJC_ROOT_CLASS = YES_ERROR;
				CLANG_WARN_QUOTED_INCLUDE_IN_FRAMEWORK_HEADER = YES;
				CLANG_WARN_RANGE_LOOP_ANALYSIS = YES;
				CLANG_WARN_STRICT_PROTOTYPES = YES;
				CLANG_WARN_SUSPICIOUS_MOVE = YES;
				CLANG_WARN_UNGUARDED_AVAILABILITY = YES_AGGRESSIVE;
				CLANG_WARN_UNREACHABLE_CODE = YES;
				CLANG_WARN__DUPLICATE_METHOD_MATCH = YES;
				COPY_PHASE_STRIP = NO;
				DEBUG_INFORMATION_FORMAT = dwarf;
				ENABLE_STRICT_OBJC_MSGSEND = YES;
				ENABLE_TESTABILITY = YES;
				GCC_C_LANGUAGE_STANDARD = gnu11;
				GCC_DYNAMIC_NO_PIC = NO;
				GCC_NO_COMMON_BLOCKS = YES;
				GCC_OPTIMIZATION_LEVEL = 0;
				GCC_PREPROCESSOR_DEFINITIONS = (
					"DEBUG=1",
					"$(inherited)",
				);
				GCC_WARN_64_TO_32_BIT_CONVERSION = YES;
				GCC_WARN_ABOUT_RETURN_TYPE = YES_ERROR;
				GCC_WARN_UNDECLARED_SELECTOR = YES;
				GCC_WARN_UNINITIALIZED_AUTOS = YES_AGGRESSIVE;
				GCC_WARN_UNUSED_FUNCTION = YES;
				GCC_WARN_UNUSED_VARIABLE = YES;
				IPHONEOS_DEPLOYMENT_TARGET = 15.2;
				MTL_ENABLE_DEBUG_INFO = INCLUDE_SOURCE;
				MTL_FAST_MATH = YES;
				ONLY_ACTIVE_ARCH = YES;
				SDKROOT = iphoneos;
				SWIFT_ACTIVE_COMPILATION_CONDITIONS = DEBUG;
				SWIFT_OPTIMIZATION_LEVEL = "-Onone";
			};
			name = Debug;
		};
		A81B16C92795F8FF0051D127 /* Release */ = {
			isa = XCBuildConfiguration;
			buildSettings = {
				ALWAYS_SEARCH_USER_PATHS = NO;
				CLANG_ANALYZER_NONNULL = YES;
				CLANG_ANALYZER_NUMBER_OBJECT_CONVERSION = YES_AGGRESSIVE;
				CLANG_CXX_LANGUAGE_STANDARD = "gnu++17";
				CLANG_CXX_LIBRARY = "libc++";
				CLANG_ENABLE_MODULES = YES;
				CLANG_ENABLE_OBJC_ARC = YES;
				CLANG_ENABLE_OBJC_WEAK = YES;
				CLANG_WARN_BLOCK_CAPTURE_AUTORELEASING = YES;
				CLANG_WARN_BOOL_CONVERSION = YES;
				CLANG_WARN_COMMA = YES;
				CLANG_WARN_CONSTANT_CONVERSION = YES;
				CLANG_WARN_DEPRECATED_OBJC_IMPLEMENTATIONS = YES;
				CLANG_WARN_DIRECT_OBJC_ISA_USAGE = YES_ERROR;
				CLANG_WARN_DOCUMENTATION_COMMENTS = YES;
				CLANG_WARN_EMPTY_BODY = YES;
				CLANG_WARN_ENUM_CONVERSION = YES;
				CLANG_WARN_INFINITE_RECURSION = YES;
				CLANG_WARN_INT_CONVERSION = YES;
				CLANG_WARN_NON_LITERAL_NULL_CONVERSION = YES;
				CLANG_WARN_OBJC_IMPLICIT_RETAIN_SELF = YES;
				CLANG_WARN_OBJC_LITERAL_CONVERSION = YES;
				CLANG_WARN_OBJC_ROOT_CLASS = YES_ERROR;
				CLANG_WARN_QUOTED_INCLUDE_IN_FRAMEWORK_HEADER = YES;
				CLANG_WARN_RANGE_LOOP_ANALYSIS = YES;
				CLANG_WARN_STRICT_PROTOTYPES = YES;
				CLANG_WARN_SUSPICIOUS_MOVE = YES;
				CLANG_WARN_UNGUARDED_AVAILABILITY = YES_AGGRESSIVE;
				CLANG_WARN_UNREACHABLE_CODE = YES;
				CLANG_WARN__DUPLICATE_METHOD_MATCH = YES;
				COPY_PHASE_STRIP = NO;
				DEBUG_INFORMATION_FORMAT = "dwarf-with-dsym";
				ENABLE_NS_ASSERTIONS = NO;
				ENABLE_STRICT_OBJC_MSGSEND = YES;
				GCC_C_LANGUAGE_STANDARD = gnu11;
				GCC_NO_COMMON_BLOCKS = YES;
				GCC_WARN_64_TO_32_BIT_CONVERSION = YES;
				GCC_WARN_ABOUT_RETURN_TYPE = YES_ERROR;
				GCC_WARN_UNDECLARED_SELECTOR = YES;
				GCC_WARN_UNINITIALIZED_AUTOS = YES_AGGRESSIVE;
				GCC_WARN_UNUSED_FUNCTION = YES;
				GCC_WARN_UNUSED_VARIABLE = YES;
				IPHONEOS_DEPLOYMENT_TARGET = 15.2;
				MTL_ENABLE_DEBUG_INFO = NO;
				MTL_FAST_MATH = YES;
				SDKROOT = iphoneos;
				SWIFT_COMPILATION_MODE = wholemodule;
				SWIFT_OPTIMIZATION_LEVEL = "-O";
				VALIDATE_PRODUCT = YES;
			};
			name = Release;
		};
		A81B16CB2795F8FF0051D127 /* Debug */ = {
			isa = XCBuildConfiguration;
			buildSettings = {
				ASSETCATALOG_COMPILER_APPICON_NAME = AppIcon;
				ASSETCATALOG_COMPILER_GLOBAL_ACCENT_COLOR_NAME = AccentColor;
				CODE_SIGN_STYLE = Automatic;
				CURRENT_PROJECT_VERSION = 1;
				DEVELOPMENT_TEAM = KLR7J39ZD5;
				GENERATE_INFOPLIST_FILE = YES;
				INFOPLIST_FILE = Hackwich1/Info.plist;
				INFOPLIST_KEY_UIApplicationSupportsIndirectInputEvents = YES;
				INFOPLIST_KEY_UILaunchStoryboardName = LaunchScreen;
				INFOPLIST_KEY_UIMainStoryboardFile = Main;
				INFOPLIST_KEY_UISupportedInterfaceOrientations_iPad = "UIInterfaceOrientationPortrait UIInterfaceOrientationPortraitUpsideDown UIInterfaceOrientationLandscapeLeft UIInterfaceOrientationLandscapeRight";
				INFOPLIST_KEY_UISupportedInterfaceOrientations_iPhone = "UIInterfaceOrientationPortrait UIInterfaceOrientationLandscapeLeft UIInterfaceOrientationLandscapeRight";
				LD_RUNPATH_SEARCH_PATHS = (
					"$(inherited)",
					"@executable_path/Frameworks",
				);
				MARKETING_VERSION = 1.0;
				PRODUCT_BUNDLE_IDENTIFIER = BasilioMorales.Hackwich1;
				PRODUCT_NAME = "$(TARGET_NAME)";
				SWIFT_EMIT_LOC_STRINGS = YES;
				SWIFT_VERSION = 5.0;
				TARGETED_DEVICE_FAMILY = "1,2";
			};
			name = Debug;
		};
		A81B16CC2795F8FF0051D127 /* Release */ = {
			isa = XCBuildConfiguration;
			buildSettings = {
				ASSETCATALOG_COMPILER_APPICON_NAME = AppIcon;
				ASSETCATALOG_COMPILER_GLOBAL_ACCENT_COLOR_NAME = AccentColor;
				CODE_SIGN_STYLE = Automatic;
				CURRENT_PROJECT_VERSION = 1;
				DEVELOPMENT_TEAM = KLR7J39ZD5;
				GENERATE_INFOPLIST_FILE = YES;
				INFOPLIST_FILE = Hackwich1/Info.plist;
				INFOPLIST_KEY_UIApplicationSupportsIndirectInputEvents = YES;
				INFOPLIST_KEY_UILaunchStoryboardName = LaunchScreen;
				INFOPLIST_KEY_UIMainStoryboardFile = Main;
				INFOPLIST_KEY_UISupportedInterfaceOrientations_iPad = "UIInterfaceOrientationPortrait UIInterfaceOrientationPortraitUpsideDown UIInterfaceOrientationLandscapeLeft UIInterfaceOrientationLandscapeRight";
				INFOPLIST_KEY_UISupportedInterfaceOrientations_iPhone = "UIInterfaceOrientationPortrait UIInterfaceOrientationLandscapeLeft UIInterfaceOrientationLandscapeRight";
				LD_RUNPATH_SEARCH_PATHS = (
					"$(inherited)",
					"@executable_path/Frameworks",
				);
				MARKETING_VERSION = 1.0;
				PRODUCT_BUNDLE_IDENTIFIER = BasilioMorales.Hackwich1;
				PRODUCT_NAME = "$(TARGET_NAME)";
				SWIFT_EMIT_LOC_STRINGS = YES;
				SWIFT_VERSION = 5.0;
				TARGETED_DEVICE_FAMILY = "1,2";
			};
			name = Release;
		};
		A81B16CE2795F8FF0051D127 /* Debug */ = {
			isa = XCBuildConfiguration;
			buildSettings = {
				ALWAYS_EMBED_SWIFT_STANDARD_LIBRARIES = YES;
				BUNDLE_LOADER = "$(TEST_HOST)";
				CODE_SIGN_STYLE = Automatic;
				CURRENT_PROJECT_VERSION = 1;
				DEVELOPMENT_TEAM = KLR7J39ZD5;
				GENERATE_INFOPLIST_FILE = YES;
				IPHONEOS_DEPLOYMENT_TARGET = 15.2;
				MARKETING_VERSION = 1.0;
				PRODUCT_BUNDLE_IDENTIFIER = BasilioMorales.Hackwich1Tests;
				PRODUCT_NAME = "$(TARGET_NAME)";
				SWIFT_EMIT_LOC_STRINGS = NO;
				SWIFT_VERSION = 5.0;
				TARGETED_DEVICE_FAMILY = "1,2";
				TEST_HOST = "$(BUILT_PRODUCTS_DIR)/Hackwich1.app/Hackwich1";
			};
			name = Debug;
		};
		A81B16CF2795F8FF0051D127 /* Release */ = {
			isa = XCBuildConfiguration;
			buildSettings = {
				ALWAYS_EMBED_SWIFT_STANDARD_LIBRARIES = YES;
				BUNDLE_LOADER = "$(TEST_HOST)";
				CODE_SIGN_STYLE = Automatic;
				CURRENT_PROJECT_VERSION = 1;
				DEVELOPMENT_TEAM = KLR7J39ZD5;
				GENERATE_INFOPLIST_FILE = YES;
				IPHONEOS_DEPLOYMENT_TARGET = 15.2;
				MARKETING_VERSION = 1.0;
				PRODUCT_BUNDLE_IDENTIFIER = BasilioMorales.Hackwich1Tests;
				PRODUCT_NAME = "$(TARGET_NAME)";
				SWIFT_EMIT_LOC_STRINGS = NO;
				SWIFT_VERSION = 5.0;
				TARGETED_DEVICE_FAMILY = "1,2";
				TEST_HOST = "$(BUILT_PRODUCTS_DIR)/Hackwich1.app/Hackwich1";
			};
			name = Release;
		};
		A81B16D12795F8FF0051D127 /* Debug */ = {
			isa = XCBuildConfiguration;
			buildSettings = {
				ALWAYS_EMBED_SWIFT_STANDARD_LIBRARIES = YES;
				CODE_SIGN_STYLE = Automatic;
				CURRENT_PROJECT_VERSION = 1;
				DEVELOPMENT_TEAM = KLR7J39ZD5;
				GENERATE_INFOPLIST_FILE = YES;
				MARKETING_VERSION = 1.0;
				PRODUCT_BUNDLE_IDENTIFIER = BasilioMorales.Hackwich1UITests;
				PRODUCT_NAME = "$(TARGET_NAME)";
				SWIFT_EMIT_LOC_STRINGS = NO;
				SWIFT_VERSION = 5.0;
				TARGETED_DEVICE_FAMILY = "1,2";
				TEST_TARGET_NAME = Hackwich1;
			};
			name = Debug;
		};
		A81B16D22795F8FF0051D127 /* Release */ = {
			isa = XCBuildConfiguration;
			buildSettings = {
				ALWAYS_EMBED_SWIFT_STANDARD_LIBRARIES = YES;
				CODE_SIGN_STYLE = Automatic;
				CURRENT_PROJECT_VERSION = 1;
				DEVELOPMENT_TEAM = KLR7J39ZD5;
				GENERATE_INFOPLIST_FILE = YES;
				MARKETING_VERSION = 1.0;
				PRODUCT_BUNDLE_IDENTIFIER = BasilioMorales.Hackwich1UITests;
				PRODUCT_NAME = "$(TARGET_NAME)";
				SWIFT_EMIT_LOC_STRINGS = NO;
				SWIFT_VERSION = 5.0;
				TARGETED_DEVICE_FAMILY = "1,2";
				TEST_TARGET_NAME = Hackwich1;
			};
			name = Release;
		};
/* End XCBuildConfiguration section */

/* Begin XCConfigurationList section */
		A81B169B2795F8F80051D127 /* Build configuration list for PBXProject "Hackwich1" */ = {
			isa = XCConfigurationList;
			buildConfigurations = (
				A81B16C82795F8FF0051D127 /* Debug */,
				A81B16C92795F8FF0051D127 /* Release */,
			);
			defaultConfigurationIsVisible = 0;
			defaultConfigurationName = Release;
		};
		A81B16CA2795F8FF0051D127 /* Build configuration list for PBXNativeTarget "Hackwich1" */ = {
			isa = XCConfigurationList;
			buildConfigurations = (
				A81B16CB2795F8FF0051D127 /* Debug */,
				A81B16CC2795F8FF0051D127 /* Release */,
			);
			defaultConfigurationIsVisible = 0;
			defaultConfigurationName = Release;
		};
		A81B16CD2795F8FF0051D127 /* Build configuration list for PBXNativeTarget "Hackwich1Tests" */ = {
			isa = XCConfigurationList;
			buildConfigurations = (
				A81B16CE2795F8FF0051D127 /* Debug */,
				A81B16CF2795F8FF0051D127 /* Release */,
			);
			defaultConfigurationIsVisible = 0;
			defaultConfigurationName = Release;
		};
		A81B16D02795F8FF0051D127 /* Build configuration list for PBXNativeTarget "Hackwich1UITests" */ = {
			isa = XCConfigurationList;
			buildConfigurations = (
				A81B16D12795F8FF0051D127 /* Debug */,
				A81B16D22795F8FF0051D127 /* Release */,
			);
			defaultConfigurationIsVisible = 0;
			defaultConfigurationName = Release;
		};
/* End XCConfigurationList section */
	};
	rootObject = A81B16982795F8F80051D127 /* Project object */;
}
